lockfileVersion: '9.0'

settings:
  autoInstallPeers: true
  excludeLinksFromLockfile: false

importers:

  .:
    dependencies:
      '@vercel/ncc':
        specifier: ^0.38.3
        version: 0.38.3
      mustache:
        specifier: ^4.2.0
        version: 4.2.0
      yaml:
        specifier: ^2.6.0
        version: 2.6.0
    devDependencies:
      '@biomejs/biome':
        specifier: 1.9.4
        version: 1.9.4
      '@types/mustache':
        specifier: ^4.2.5
        version: 4.2.5
      '@types/node':
        specifier: ^22.9.0
        version: 22.9.0
      dprint:
        specifier: ^0.47.5
        version: 0.47.5
      typescript:
        specifier: ^5.6.3
        version: 5.6.3

packages:

  '@biomejs/biome@1.9.4':
    resolution: {integrity: sha512-1rkd7G70+o9KkTn5KLmDYXihGoTaIGO9PIIN2ZB7UJxFrWw04CZHPYiMRjYsaDvVV7hP1dYNRLxSANLaBFGpog==}
    engines: {node: '>=14.21.3'}
    hasBin: true

  '@biomejs/cli-darwin-arm64@1.9.4':
    resolution: {integrity: sha512-bFBsPWrNvkdKrNCYeAp+xo2HecOGPAy9WyNyB/jKnnedgzl4W4Hb9ZMzYNbf8dMCGmUdSavlYHiR01QaYR58cw==}
    engines: {node: '>=14.21.3'}
    cpu: [arm64]
    os: [darwin]

  '@biomejs/cli-darwin-x64@1.9.4':
    resolution: {integrity: sha512-ngYBh/+bEedqkSevPVhLP4QfVPCpb+4BBe2p7Xs32dBgs7rh9nY2AIYUL6BgLw1JVXV8GlpKmb/hNiuIxfPfZg==}
    engines: {node: '>=14.21.3'}
    cpu: [x64]
    os: [darwin]

  '@biomejs/cli-linux-arm64-musl@1.9.4':
    resolution: {integrity: sha512-v665Ct9WCRjGa8+kTr0CzApU0+XXtRgwmzIf1SeKSGAv+2scAlW6JR5PMFo6FzqqZ64Po79cKODKf3/AAmECqA==}
    engines: {node: '>=14.21.3'}
    cpu: [arm64]
    os: [linux]

  '@biomejs/cli-linux-arm64@1.9.4':
    resolution: {integrity: sha512-fJIW0+LYujdjUgJJuwesP4EjIBl/N/TcOX3IvIHJQNsAqvV2CHIogsmA94BPG6jZATS4Hi+xv4SkBBQSt1N4/g==}
    engines: {node: '>=14.21.3'}
    cpu: [arm64]
    os: [linux]

  '@biomejs/cli-linux-x64-musl@1.9.4':
    resolution: {integrity: sha512-gEhi/jSBhZ2m6wjV530Yy8+fNqG8PAinM3oV7CyO+6c3CEh16Eizm21uHVsyVBEB6RIM8JHIl6AGYCv6Q6Q9Tg==}
    engines: {node: '>=14.21.3'}
    cpu: [x64]
    os: [linux]

  '@biomejs/cli-linux-x64@1.9.4':
    resolution: {integrity: sha512-lRCJv/Vi3Vlwmbd6K+oQ0KhLHMAysN8lXoCI7XeHlxaajk06u7G+UsFSO01NAs5iYuWKmVZjmiOzJ0OJmGsMwg==}
    engines: {node: '>=14.21.3'}
    cpu: [x64]
    os: [linux]

  '@biomejs/cli-win32-arm64@1.9.4':
    resolution: {integrity: sha512-tlbhLk+WXZmgwoIKwHIHEBZUwxml7bRJgk0X2sPyNR3S93cdRq6XulAZRQJ17FYGGzWne0fgrXBKpl7l4M87Hg==}
    engines: {node: '>=14.21.3'}
    cpu: [arm64]
    os: [win32]

  '@biomejs/cli-win32-x64@1.9.4':
    resolution: {integrity: sha512-8Y5wMhVIPaWe6jw2H+KlEm4wP/f7EW3810ZLmDlrEEy5KvBsb9ECEfu/kMWD484ijfQ8+nIi0giMgu9g1UAuuA==}
    engines: {node: '>=14.21.3'}
    cpu: [x64]
    os: [win32]

  '@dprint/darwin-arm64@0.47.5':
    resolution: {integrity: sha512-aVa3F//dkvEeNA7DCSlVcLxB0CV6zXpfbJZ/xsd+xgbayCXFuFr7qt0M6T4WP3gkQn5D7Zu8/pbXfRXQXo9qlQ==}
    cpu: [arm64]
    os: [darwin]

  '@dprint/darwin-x64@0.47.5':
    resolution: {integrity: sha512-84lmSLM/idIQ4UBkBHU1chP0WTldRjzLOEN22/XbdB1JGOIVN1pJIIU0lsmVWXaNI4SvGfty+thhGn73SSlQwA==}
    cpu: [x64]
    os: [darwin]

  '@dprint/linux-arm64-glibc@0.47.5':
    resolution: {integrity: sha512-Zk7Ut9Trgl2ssGWx0u3YegnRQFXivKaK1fPEimg/uMwdaLtWFGvNs6DACAJk34d883zmDkTQvllqY1kc78CeBg==}
    cpu: [arm64]
    os: [linux]

  '@dprint/linux-arm64-musl@0.47.5':
    resolution: {integrity: sha512-KmCu1yX5+/2MbT9n0iAgSK1gc6sQBcDayq8QRO7TRSs+gTDAZ/yQXHkhLdlk5fWsTR1mDQPVRG+2nAjHDhk8EA==}
    cpu: [arm64]
    os: [linux]

  '@dprint/linux-x64-glibc@0.47.5':
    resolution: {integrity: sha512-oBwENMikvcM+eT6JdliMIM+TOiV4VuBJGK+AN1sTOW45VeiYvmzGPOQwCxVeFq4MnZkMfrycC/PAY3C7Vcuh6w==}
    cpu: [x64]
    os: [linux]

  '@dprint/linux-x64-musl@0.47.5':
    resolution: {integrity: sha512-B1IGyaP0k25JDhqmR/UpvgyNtnclBoXV7ZNQbvygehBkTeC69afwzpUxjQ2pKj2F9bl1Rby//fhsAFOg60PzsA==}
    cpu: [x64]
    os: [linux]

  '@dprint/win32-arm64@0.47.5':
    resolution: {integrity: sha512-tKSPwGWsKc+QAdsx6UQav9AY8WXm+B5Mx23ujliJJMRss6Dnlmg17NjbAnSBSqXSrfqaMeQx6d4gujPpOS3F9A==}
    cpu: [arm64]
    os: [win32]

  '@dprint/win32-x64@0.47.5':
    resolution: {integrity: sha512-ljbrGv5rDR00ziBFY6V+qLhtLHm2dsjgiFG9OU7kr3vHEj4eN31nwxU5W2mh0eMoRk7IbcJ5ahTJDLgoYdvfgw==}
    cpu: [x64]
    os: [win32]

  '@types/mustache@4.2.5':
    resolution: {integrity: sha512-PLwiVvTBg59tGFL/8VpcGvqOu3L4OuveNvPi0EYbWchRdEVP++yRUXJPFl+CApKEq13017/4Nf7aQ5lTtHUNsA==}

  '@types/node@22.9.0':
    resolution: {integrity: sha512-vuyHg81vvWA1Z1ELfvLko2c8f34gyA0zaic0+Rllc5lbCnbSyuvb2Oxpm6TAUAC/2xZN3QGqxBNggD1nNR2AfQ==}

  '@vercel/ncc@0.38.3':
    resolution: {integrity: sha512-rnK6hJBS6mwc+Bkab+PGPs9OiS0i/3kdTO+CkI8V0/VrW3vmz7O2Pxjw/owOlmo6PKEIxRSeZKv/kuL9itnpYA==}
    hasBin: true

  dprint@0.47.5:
    resolution: {integrity: sha512-EAP3OLYZXiW66HKMlhu6Gu0o7mzBVTWyMyuAAgT7dBtMX+W+pPJmIwyRUnTRQNyyFO4S7bAaa21rzIgo97Bg9A==}
    hasBin: true

  mustache@4.2.0:
    resolution: {integrity: sha512-71ippSywq5Yb7/tVYyGbkBggbU8H3u5Rz56fH60jGFgr8uHwxs+aSKeqmluIVzM0m0kB7xQjKS6qPfd0b2ZoqQ==}
    hasBin: true

  typescript@5.6.3:
    resolution: {integrity: sha512-hjcS1mhfuyi4WW8IWtjP7brDrG2cuDZukyrYrSauoXGNgx0S7zceP07adYkJycEr56BOUTNPzbInooiN3fn1qw==}
    engines: {node: '>=14.17'}
    hasBin: true

  undici-types@6.19.8:
    resolution: {integrity: sha512-ve2KP6f/JnbPBFyobGHuerC9g1FYGn/F8n1LWTwNxCEzd6IfqTwUQcNXgEtmmQ6DlRrC1hrSrBnCZPokRrDHjw==}

  yaml@2.6.0:
    resolution: {integrity: sha512-a6ae//JvKDEra2kdi1qzCyrJW/WZCgFi8ydDV+eXExl95t+5R+ijnqHJbz9tmMh8FUjx3iv2fCQ4dclAQlO2UQ==}
    engines: {node: '>= 14'}
    hasBin: true

snapshots:

  '@biomejs/biome@1.9.4':
    optionalDependencies:
      '@biomejs/cli-darwin-arm64': 1.9.4
      '@biomejs/cli-darwin-x64': 1.9.4
      '@biomejs/cli-linux-arm64': 1.9.4
      '@biomejs/cli-linux-arm64-musl': 1.9.4
      '@biomejs/cli-linux-x64': 1.9.4
      '@biomejs/cli-linux-x64-musl': 1.9.4
      '@biomejs/cli-win32-arm64': 1.9.4
      '@biomejs/cli-win32-x64': 1.9.4

  '@biomejs/cli-darwin-arm64@1.9.4':
    optional: true

  '@biomejs/cli-darwin-x64@1.9.4':
    optional: true

  '@biomejs/cli-linux-arm64-musl@1.9.4':
    optional: true

  '@biomejs/cli-linux-arm64@1.9.4':
    optional: true

  '@biomejs/cli-linux-x64-musl@1.9.4':
    optional: true

  '@biomejs/cli-linux-x64@1.9.4':
    optional: true

  '@biomejs/cli-win32-arm64@1.9.4':
    optional: true

  '@biomejs/cli-win32-x64@1.9.4':
    optional: true

  '@dprint/darwin-arm64@0.47.5':
    optional: true

  '@dprint/darwin-x64@0.47.5':
    optional: true

  '@dprint/linux-arm64-glibc@0.47.5':
    optional: true

  '@dprint/linux-arm64-musl@0.47.5':
    optional: true

  '@dprint/linux-x64-glibc@0.47.5':
    optional: true

  '@dprint/linux-x64-musl@0.47.5':
    optional: true

  '@dprint/win32-arm64@0.47.5':
    optional: true

  '@dprint/win32-x64@0.47.5':
    optional: true

  '@types/mustache@4.2.5': {}

  '@types/node@22.9.0':
    dependencies:
      undici-types: 6.19.8

  '@vercel/ncc@0.38.3': {}

  dprint@0.47.5:
    optionalDependencies:
      '@dprint/darwin-arm64': 0.47.5
      '@dprint/darwin-x64': 0.47.5
      '@dprint/linux-arm64-glibc': 0.47.5
      '@dprint/linux-arm64-musl': 0.47.5
      '@dprint/linux-x64-glibc': 0.47.5
      '@dprint/linux-x64-musl': 0.47.5
      '@dprint/win32-arm64': 0.47.5
      '@dprint/win32-x64': 0.47.5

  mustache@4.2.0: {}

  typescript@5.6.3: {}

  undici-types@6.19.8: {}

  yaml@2.6.0: {}
